
Microsoft Visual Studio Solution File, Format Version 12.00
# Visual Studio Version 17
VisualStudioVersion = 17.4.33122.133
MinimumVisualStudioVersion = 10.0.40219.1
Project("{FAE04EC0-301F-11D3-BF4B-00C04F79EFBC}") = "MLNetConsoleDemo", "MLNetConsoleDemo\MLNetConsoleDemo.csproj", "{8E2DA393-EE1E-4A4D-A84E-CB964574F86D}"
EndProject
Global
	GlobalSection(SolutionConfigurationPlatforms) = preSolution
		Debug|Any CPU = Debug|Any CPU
		Release|Any CPU = Release|Any CPU
	EndGlobalSection
	GlobalSection(ProjectConfigurationPlatforms) = postSolution
		{8E2DA393-EE1E-4A4D-A84E-CB964574F86D}.Debug|Any CPU.ActiveCfg = Debug|Any CPU
		{8E2DA393-EE1E-4A4D-A84E-CB964574F86D}.Debug|Any CPU.Build.0 = Debug|Any CPU
		{8E2DA393-EE1E-4A4D-A84E-CB964574F86D}.Release|Any CPU.ActiveCfg = Release|Any CPU
		{8E2DA393-EE1E-4A4D-A84E-CB964574F86D}.Release|Any CPU.Build.0 = Release|Any CPU
	EndGlobalSection
	GlobalSection(SolutionProperties) = preSolution
		HideSolutionNode = FALSE
	EndGlobalSection
	GlobalSection(ExtensibilityGlobals) = postSolution
		SolutionGuid = {0B64AC66-C149-40DC-8D0F-47693DE8201F}
	EndGlobalSection
EndGlobal
